// !$*UTF8*$!
{
	archiveVersion = 1;
	classes = {
	};
	objectVersion = 50;
	objects = {

/* Begin PBXBuildFile section */
		DA38AC0F218C5EEF0044B779 /* Localizable.strings in Resources */ = {isa = PBXBuildFile; fileRef = DA38AC0C218C5EEF0044B779 /* Localizable.strings */; };
		DA38AC10218C5EEF0044B779 /* LaunchScreen.storyboard in Resources */ = {isa = PBXBuildFile; fileRef = DA38AC0E218C5EEF0044B779 /* LaunchScreen.storyboard */; };
		DA38AC13218C5EF90044B779 /* Application.swift in Sources */ = {isa = PBXBuildFile; fileRef = DA38AC12218C5EF90044B779 /* Application.swift */; };
		DA38AC16218C5F030044B779 /* TestParsing.swift in Sources */ = {isa = PBXBuildFile; fileRef = DA38AC15218C5F030044B779 /* TestParsing.swift */; };
		DA38AC19218C5F0C0044B779 /* Catalog.swift in Sources */ = {isa = PBXBuildFile; fileRef = DA38AC18218C5F0B0044B779 /* Catalog.swift */; };
		DA38AC1B218C60740044B779 /* libTractors.a in Frameworks */ = {isa = PBXBuildFile; fileRef = DA38AC08218C5E7C0044B779 /* libTractors.a */; };
		DA38AC1C218C609B0044B779 /* libTractors.a in Frameworks */ = {isa = PBXBuildFile; fileRef = DA38AC08218C5E7C0044B779 /* libTractors.a */; };
		DAEC1D12218C66B70009E5FB /* Driver.swift in Sources */ = {isa = PBXBuildFile; fileRef = DAEC1D11218C66B70009E5FB /* Driver.swift */; };
		DAEC1D14218C72260009E5FB /* Position.swift in Sources */ = {isa = PBXBuildFile; fileRef = DAEC1D13218C72260009E5FB /* Position.swift */; };
		DAEC1D16218C736C0009E5FB /* TestMerging.swift in Sources */ = {isa = PBXBuildFile; fileRef = DAEC1D15218C736C0009E5FB /* TestMerging.swift */; };
		DAEC1D18218C75790009E5FB /* Tractor.swift in Sources */ = {isa = PBXBuildFile; fileRef = DAEC1D17218C75790009E5FB /* Tractor.swift */; };
/* End PBXBuildFile section */

/* Begin PBXContainerItemProxy section */
		DADD2F02218C5B8A00D632A1 /* PBXContainerItemProxy */ = {
			isa = PBXContainerItemProxy;
			containerPortal = DADD2EE6218C5B6000D632A1 /* Project object */;
			proxyType = 1;
			remoteGlobalIDString = DADD2EED218C5B6000D632A1;
			remoteInfo = Tractors;
		};
/* End PBXContainerItemProxy section */

/* Begin PBXCopyFilesBuildPhase section */
		DADD2EEC218C5B6000D632A1 /* CopyFiles */ = {
			isa = PBXCopyFilesBuildPhase;
			buildActionMask = 2147483647;
			dstPath = "include/$(PRODUCT_NAME)";
			dstSubfolderSpec = 16;
			files = (
			);
			runOnlyForDeploymentPostprocessing = 0;
		};
/* End PBXCopyFilesBuildPhase section */

/* Begin PBXFileReference section */
		DA38AC08218C5E7C0044B779 /* libTractors.a */ = {isa = PBXFileReference; explicitFileType = archive.ar; includeInIndex = 0; path = libTractors.a; sourceTree = BUILT_PRODUCTS_DIR; };
		DA38AC09218C5E7C0044B779 /* Application.app */ = {isa = PBXFileReference; explicitFileType = wrapper.application; includeInIndex = 0; path = Application.app; sourceTree = BUILT_PRODUCTS_DIR; };
		DA38AC0D218C5EEF0044B779 /* en */ = {isa = PBXFileReference; lastKnownFileType = text.plist.strings; name = en; path = en.lproj/Localizable.strings; sourceTree = "<group>"; };
		DA38AC0E218C5EEF0044B779 /* LaunchScreen.storyboard */ = {isa = PBXFileReference; fileEncoding = 4; lastKnownFileType = file.storyboard; path = LaunchScreen.storyboard; sourceTree = "<group>"; };
		DA38AC12218C5EF90044B779 /* Application.swift */ = {isa = PBXFileReference; fileEncoding = 4; lastKnownFileType = sourcecode.swift; path = Application.swift; sourceTree = "<group>"; };
		DA38AC15218C5F030044B779 /* TestParsing.swift */ = {isa = PBXFileReference; fileEncoding = 4; lastKnownFileType = sourcecode.swift; path = TestParsing.swift; sourceTree = "<group>"; };
		DA38AC18218C5F0B0044B779 /* Catalog.swift */ = {isa = PBXFileReference; fileEncoding = 4; lastKnownFileType = sourcecode.swift; path = Catalog.swift; sourceTree = "<group>"; };
		DADD2F1D218C5D8400D632A1 /* Tests.xctest */ = {isa = PBXFileReference; explicitFileType = wrapper.cfbundle; includeInIndex = 0; path = Tests.xctest; sourceTree = BUILT_PRODUCTS_DIR; };
		DAEC1D11218C66B70009E5FB /* Driver.swift */ = {isa = PBXFileReference; lastKnownFileType = sourcecode.swift; path = Driver.swift; sourceTree = "<group>"; };
		DAEC1D13218C72260009E5FB /* Position.swift */ = {isa = PBXFileReference; lastKnownFileType = sourcecode.swift; path = Position.swift; sourceTree = "<group>"; };
		DAEC1D15218C736C0009E5FB /* TestMerging.swift */ = {isa = PBXFileReference; lastKnownFileType = sourcecode.swift; path = TestMerging.swift; sourceTree = "<group>"; };
		DAEC1D17218C75790009E5FB /* Tractor.swift */ = {isa = PBXFileReference; lastKnownFileType = sourcecode.swift; path = Tractor.swift; sourceTree = "<group>"; };
/* End PBXFileReference section */

/* Begin PBXFrameworksBuildPhase section */
		DADD2EEB218C5B6000D632A1 /* Frameworks */ = {
			isa = PBXFrameworksBuildPhase;
			buildActionMask = 2147483647;
			files = (
			);
			runOnlyForDeploymentPostprocessing = 0;
		};
		DADD2EF9218C5B8A00D632A1 /* Frameworks */ = {
			isa = PBXFrameworksBuildPhase;
			buildActionMask = 2147483647;
			files = (
				DA38AC1C218C609B0044B779 /* libTractors.a in Frameworks */,
			);
			runOnlyForDeploymentPostprocessing = 0;
		};
		DADD2F08218C5B9A00D632A1 /* Frameworks */ = {
			isa = PBXFrameworksBuildPhase;
			buildActionMask = 2147483647;
			files = (
				DA38AC1B218C60740044B779 /* libTractors.a in Frameworks */,
			);
			runOnlyForDeploymentPostprocessing = 0;
		};
/* End PBXFrameworksBuildPhase section */

/* Begin PBXGroup section */
		DA38AC0B218C5EEF0044B779 /* Resources */ = {
			isa = PBXGroup;
			children = (
				DA38AC0C218C5EEF0044B779 /* Localizable.strings */,
				DA38AC0E218C5EEF0044B779 /* LaunchScreen.storyboard */,
			);
			path = Resources;
			sourceTree = "<group>";
		};
		DA38AC11218C5EF90044B779 /* Application */ = {
			isa = PBXGroup;
			children = (
				DA38AC12218C5EF90044B779 /* Application.swift */,
			);
			path = Application;
			sourceTree = "<group>";
		};
		DA38AC14218C5F030044B779 /* Tests */ = {
			isa = PBXGroup;
			children = (
				DA38AC15218C5F030044B779 /* TestParsing.swift */,
				DAEC1D15218C736C0009E5FB /* TestMerging.swift */,
			);
			path = Tests;
			sourceTree = "<group>";
		};
		DA38AC17218C5F0B0044B779 /* Source */ = {
			isa = PBXGroup;
			children = (
				DA38AC18218C5F0B0044B779 /* Catalog.swift */,
				DAEC1D11218C66B70009E5FB /* Driver.swift */,
				DAEC1D13218C72260009E5FB /* Position.swift */,
				DAEC1D17218C75790009E5FB /* Tractor.swift */,
			);
			path = Source;
			sourceTree = "<group>";
		};
		DA38AC1A218C60740044B779 /* Frameworks */ = {
			isa = PBXGroup;
			children = (
			);
			name = Frameworks;
			sourceTree = "<group>";
		};
		DADD2EE5218C5B6000D632A1 = {
			isa = PBXGroup;
			children = (
				DA38AC17218C5F0B0044B779 /* Source */,
				DA38AC14218C5F030044B779 /* Tests */,
				DA38AC11218C5EF90044B779 /* Application */,
				DA38AC0B218C5EEF0044B779 /* Resources */,
				DA38AC1A218C60740044B779 /* Frameworks */,
				DADD2F1D218C5D8400D632A1 /* Tests.xctest */,
				DA38AC08218C5E7C0044B779 /* libTractors.a */,
				DA38AC09218C5E7C0044B779 /* Application.app */,
			);
			sourceTree = "<group>";
		};
/* End PBXGroup section */

/* Begin PBXNativeTarget section */
		DADD2EED218C5B6000D632A1 /* Tractors */ = {
			isa = PBXNativeTarget;
			buildConfigurationList = DADD2EF5218C5B6000D632A1 /* Build configuration list for PBXNativeTarget "Tractors" */;
			buildPhases = (
				DADD2EEA218C5B6000D632A1 /* Sources */,
				DADD2EEB218C5B6000D632A1 /* Frameworks */,
				DADD2EEC218C5B6000D632A1 /* CopyFiles */,
			);
			buildRules = (
			);
			dependencies = (
			);
			name = Tractors;
			productName = Tractors;
			productReference = DA38AC08218C5E7C0044B779 /* libTractors.a */;
			productType = "com.apple.product-type.library.static";
		};
		DADD2EFB218C5B8A00D632A1 /* Tests */ = {
			isa = PBXNativeTarget;
			buildConfigurationList = DADD2F04218C5B8A00D632A1 /* Build configuration list for PBXNativeTarget "Tests" */;
			buildPhases = (
				DADD2EF8218C5B8A00D632A1 /* Sources */,
				DADD2EF9218C5B8A00D632A1 /* Frameworks */,
				DADD2EFA218C5B8A00D632A1 /* Resources */,
			);
			buildRules = (
			);
			dependencies = (
				DADD2F03218C5B8A00D632A1 /* PBXTargetDependency */,
			);
			name = Tests;
			productName = Tests;
			productReference = DADD2F1D218C5D8400D632A1 /* Tests.xctest */;
			productType = "com.apple.product-type.bundle.unit-test";
		};
		DADD2F0A218C5B9A00D632A1 /* Application */ = {
			isa = PBXNativeTarget;
			buildConfigurationList = DADD2F1A218C5B9B00D632A1 /* Build configuration list for PBXNativeTarget "Application" */;
			buildPhases = (
				DADD2F07218C5B9A00D632A1 /* Sources */,
				DADD2F08218C5B9A00D632A1 /* Frameworks */,
				DADD2F09218C5B9A00D632A1 /* Resources */,
			);
			buildRules = (
			);
			dependencies = (
			);
			name = Application;
			productName = Application;
			productReference = DA38AC09218C5E7C0044B779 /* Application.app */;
			productType = "com.apple.product-type.application";
		};
/* End PBXNativeTarget section */

/* Begin PBXProject section */
		DADD2EE6218C5B6000D632A1 /* Project object */ = {
			isa = PBXProject;
			attributes = {
				LastSwiftUpdateCheck = 1010;
				LastUpgradeCheck = 1010;
				ORGANIZATIONNAME = iturbide;
				TargetAttributes = {
					DADD2EED218C5B6000D632A1 = {
						CreatedOnToolsVersion = 10.1;
					};
					DADD2EFB218C5B8A00D632A1 = {
						CreatedOnToolsVersion = 10.1;
					};
					DADD2F0A218C5B9A00D632A1 = {
						CreatedOnToolsVersion = 10.1;
					};
				};
			};
			buildConfigurationList = DADD2EE9218C5B6000D632A1 /* Build configuration list for PBXProject "Tractors" */;
			compatibilityVersion = "Xcode 9.3";
			developmentRegion = en;
			hasScannedForEncodings = 0;
			knownRegions = (
				en,
			);
			mainGroup = DADD2EE5218C5B6000D632A1;
			productRefGroup = DADD2EE5218C5B6000D632A1;
			projectDirPath = "";
			projectRoot = "";
			targets = (
				DADD2EED218C5B6000D632A1 /* Tractors */,
				DADD2EFB218C5B8A00D632A1 /* Tests */,
				DADD2F0A218C5B9A00D632A1 /* Application */,
			);
		};
/* End PBXProject section */

/* Begin PBXResourcesBuildPhase section */
		DADD2EFA218C5B8A00D632A1 /* Resources */ = {
			isa = PBXResourcesBuildPhase;
			buildActionMask = 2147483647;
			files = (
			);
			runOnlyForDeploymentPostprocessing = 0;
		};
		DADD2F09218C5B9A00D632A1 /* Resources */ = {
			isa = PBXResourcesBuildPhase;
			buildActionMask = 2147483647;
			files = (
				DA38AC0F218C5EEF0044B779 /* Localizable.strings in Resources */,
				DA38AC10218C5EEF0044B779 /* LaunchScreen.storyboard in Resources */,
			);
			runOnlyForDeploymentPostprocessing = 0;
		};
/* End PBXResourcesBuildPhase section */

/* Begin PBXSourcesBuildPhase section */
		DADD2EEA218C5B6000D632A1 /* Sources */ = {
			isa = PBXSourcesBuildPhase;
			buildActionMask = 2147483647;
			files = (
				DA38AC19218C5F0C0044B779 /* Catalog.swift in Sources */,
				DAEC1D12218C66B70009E5FB /* Driver.swift in Sources */,
				DAEC1D14218C72260009E5FB /* Position.swift in Sources */,
				DAEC1D18218C75790009E5FB /* Tractor.swift in Sources */,
			);
			runOnlyForDeploymentPostprocessing = 0;
		};
		DADD2EF8218C5B8A00D632A1 /* Sources */ = {
			isa = PBXSourcesBuildPhase;
			buildActionMask = 2147483647;
			files = (
				DA38AC16218C5F030044B779 /* TestParsing.swift in Sources */,
				DAEC1D16218C736C0009E5FB /* TestMerging.swift in Sources */,
			);
			runOnlyForDeploymentPostprocessing = 0;
		};
		DADD2F07218C5B9A00D632A1 /* Sources */ = {
			isa = PBXSourcesBuildPhase;
			buildActionMask = 2147483647;
			files = (
				DA38AC13218C5EF90044B779 /* Application.swift in Sources */,
			);
			runOnlyForDeploymentPostprocessing = 0;
		};
/* End PBXSourcesBuildPhase section */

/* Begin PBXTargetDependency section */
		DADD2F03218C5B8A00D632A1 /* PBXTargetDependency */ = {
			isa = PBXTargetDependency;
			target = DADD2EED218C5B6000D632A1 /* Tractors */;
			targetProxy = DADD2F02218C5B8A00D632A1 /* PBXContainerItemProxy */;
		};
/* End PBXTargetDependency section */

/* Begin PBXVariantGroup section */
		DA38AC0C218C5EEF0044B779 /* Localizable.strings */ = {
			isa = PBXVariantGroup;
			children = (
				DA38AC0D218C5EEF0044B779 /* en */,
			);
			name = Localizable.strings;
			sourceTree = "<group>";
		};
/* End PBXVariantGroup section */

/* Begin XCBuildConfiguration section */
		DADD2EF3218C5B6000D632A1 /* Debug */ = {
			isa = XCBuildConfiguration;
			buildSettings = {
				ALWAYS_SEARCH_USER_PATHS = NO;
				CLANG_ANALYZER_NONNULL = YES;
				CLANG_ANALYZER_NUMBER_OBJECT_CONVERSION = YES_AGGRESSIVE;
				CLANG_CXX_LANGUAGE_STANDARD = "gnu++14";
				CLANG_CXX_LIBRARY = "libc++";
				CLANG_ENABLE_OBJC_ARC = YES;
				CLANG_ENABLE_OBJC_WEAK = YES;
				CLANG_WARN_BLOCK_CAPTURE_AUTORELEASING = YES;
				CLANG_WARN_BOOL_CONVERSION = YES;
				CLANG_WARN_COMMA = YES;
				CLANG_WARN_CONSTANT_CONVERSION = YES;
				CLANG_WARN_DEPRECATED_OBJC_IMPLEMENTATIONS = YES;
				CLANG_WARN_DIRECT_OBJC_ISA_USAGE = YES_ERROR;
				CLANG_WARN_DOCUMENTATION_COMMENTS = YES;
				CLANG_WARN_EMPTY_BODY = YES;
				CLANG_WARN_ENUM_CONVERSION = YES;
				CLANG_WARN_INFINITE_RECURSION = YES;
				CLANG_WARN_INT_CONVERSION = YES;
				CLANG_WARN_NON_LITERAL_NULL_CONVERSION = YES;
				CLANG_WARN_OBJC_IMPLICIT_RETAIN_SELF = YES;
				CLANG_WARN_OBJC_LITERAL_CONVERSION = YES;
				CLANG_WARN_OBJC_ROOT_CLASS = YES_ERROR;
				CLANG_WARN_RANGE_LOOP_ANALYSIS = YES;
				CLANG_WARN_STRICT_PROTOTYPES = YES;
				CLANG_WARN_SUSPICIOUS_MOVE = YES;
				CLANG_WARN_UNGUARDED_AVAILABILITY = YES_AGGRESSIVE;
				CLANG_WARN_UNREACHABLE_CODE = YES;
				CLANG_WARN__DUPLICATE_METHOD_MATCH = YES;
				CODE_SIGN_IDENTITY = "iPhone Developer";
				COPY_PHASE_STRIP = NO;
				DEBUG_INFORMATION_FORMAT = dwarf;
				ENABLE_STRICT_OBJC_MSGSEND = YES;
				ENABLE_TESTABILITY = YES;
				GCC_C_LANGUAGE_STANDARD = gnu11;
				GCC_DYNAMIC_NO_PIC = NO;
				GCC_NO_COMMON_BLOCKS = YES;
				GCC_OPTIMIZATION_LEVEL = 0;
				GCC_PREPROCESSOR_DEFINITIONS = (
					"DEBUG=1",
					"$(inherited)",
				);
				GCC_WARN_64_TO_32_BIT_CONVERSION = YES;
				GCC_WARN_ABOUT_RETURN_TYPE = YES_ERROR;
				GCC_WARN_UNDECLARED_SELECTOR = YES;
				GCC_WARN_UNINITIALIZED_AUTOS = YES_AGGRESSIVE;
				GCC_WARN_UNUSED_FUNCTION = YES;
				GCC_WARN_UNUSED_VARIABLE = YES;
				IPHONEOS_DEPLOYMENT_TARGET = 9.0;
				MTL_ENABLE_DEBUG_INFO = INCLUDE_SOURCE;
				MTL_FAST_MATH = YES;
				ONLY_ACTIVE_ARCH = YES;
				SDKROOT = iphoneos;
				SWIFT_ACTIVE_COMPILATION_CONDITIONS = DEBUG;
				SWIFT_INSTALL_OBJC_HEADER = NO;
				SWIFT_OPTIMIZATION_LEVEL = "-Onone";
				SWIFT_VERSION = 4.2;
			};
			name = Debug;
		};
		DADD2EF4218C5B6000D632A1 /* Release */ = {
			isa = XCBuildConfiguration;
			buildSettings = {
				ALWAYS_SEARCH_USER_PATHS = NO;
				CLANG_ANALYZER_NONNULL = YES;
				CLANG_ANALYZER_NUMBER_OBJECT_CONVERSION = YES_AGGRESSIVE;
				CLANG_CXX_LANGUAGE_STANDARD = "gnu++14";
				CLANG_CXX_LIBRARY = "libc++";
				CLANG_ENABLE_OBJC_ARC = YES;
				CLANG_ENABLE_OBJC_WEAK = YES;
				CLANG_WARN_BLOCK_CAPTURE_AUTORELEASING = YES;
				CLANG_WARN_BOOL_CONVERSION = YES;
				CLANG_WARN_COMMA = YES;
				CLANG_WARN_CONSTANT_CONVERSION = YES;
				CLANG_WARN_DEPRECATED_OBJC_IMPLEMENTATIONS = YES;
				CLANG_WARN_DIRECT_OBJC_ISA_USAGE = YES_ERROR;
				CLANG_WARN_DOCUMENTATION_COMMENTS = YES;
				CLANG_WARN_EMPTY_BODY = YES;
				CLANG_WARN_ENUM_CONVERSION = YES;
				CLANG_WARN_INFINITE_RECURSION = YES;
				CLANG_WARN_INT_CONVERSION = YES;
				CLANG_WARN_NON_LITERAL_NULL_CONVERSION = YES;
				CLANG_WARN_OBJC_IMPLICIT_RETAIN_SELF = YES;
				CLANG_WARN_OBJC_LITERAL_CONVERSION = YES;
				CLANG_WARN_OBJC_ROOT_CLASS = YES_ERROR;
				CLANG_WARN_RANGE_LOOP_ANALYSIS = YES;
				CLANG_WARN_STRICT_PROTOTYPES = YES;
				CLANG_WARN_SUSPICIOUS_MOVE = YES;
				CLANG_WARN_UNGUARDED_AVAILABILITY = YES_AGGRESSIVE;
				CLANG_WARN_UNREACHABLE_CODE = YES;
				CLANG_WARN__DUPLICATE_METHOD_MATCH = YES;
				CODE_SIGN_IDENTITY = "iPhone Developer";
				COPY_PHASE_STRIP = NO;
				DEBUG_INFORMATION_FORMAT = dwarf;
				ENABLE_NS_ASSERTIONS = NO;
				ENABLE_STRICT_OBJC_MSGSEND = YES;
				GCC_C_LANGUAGE_STANDARD = gnu11;
				GCC_NO_COMMON_BLOCKS = YES;
				GCC_WARN_64_TO_32_BIT_CONVERSION = YES;
				GCC_WARN_ABOUT_RETURN_TYPE = YES_ERROR;
				GCC_WARN_UNDECLARED_SELECTOR = YES;
				GCC_WARN_UNINITIALIZED_AUTOS = YES_AGGRESSIVE;
				GCC_WARN_UNUSED_FUNCTION = YES;
				GCC_WARN_UNUSED_VARIABLE = YES;
				IPHONEOS_DEPLOYMENT_TARGET = 9.0;
				MTL_ENABLE_DEBUG_INFO = NO;
				MTL_FAST_MATH = YES;
				SDKROOT = iphoneos;
				SWIFT_COMPILATION_MODE = wholemodule;
				SWIFT_INSTALL_OBJC_HEADER = NO;
				SWIFT_OPTIMIZATION_LEVEL = "-O";
				SWIFT_VERSION = 4.2;
				VALIDATE_PRODUCT = YES;
			};
			name = Release;
		};
		DADD2EF6218C5B6000D632A1 /* Debug */ = {
			isa = XCBuildConfiguration;
			buildSettings = {
				CODE_SIGN_STYLE = Automatic;
				DEVELOPMENT_TEAM = 7AMWG3RLHN;
				OTHER_LDFLAGS = "-ObjC";
				PRODUCT_NAME = "$(TARGET_NAME)";
				SKIP_INSTALL = YES;
				TARGETED_DEVICE_FAMILY = "1,2";
			};
			name = Debug;
		};
		DADD2EF7218C5B6000D632A1 /* Release */ = {
			isa = XCBuildConfiguration;
			buildSettings = {
				CODE_SIGN_STYLE = Automatic;
				DEVELOPMENT_TEAM = 7AMWG3RLHN;
				OTHER_LDFLAGS = "-ObjC";
				PRODUCT_NAME = "$(TARGET_NAME)";
				SKIP_INSTALL = YES;
				TARGETED_DEVICE_FAMILY = "1,2";
			};
			name = Release;
		};
		DADD2F05218C5B8A00D632A1 /* Debug */ = {
			isa = XCBuildConfiguration;
			buildSettings = {
				ALWAYS_EMBED_SWIFT_STANDARD_LIBRARIES = YES;
				CODE_SIGN_STYLE = Automatic;
				DEVELOPMENT_TEAM = 7AMWG3RLHN;
				INFOPLIST_FILE = Configuration/tests.plist;
				LD_RUNPATH_SEARCH_PATHS = (
					"$(inherited)",
					"@executable_path/Frameworks",
					"@loader_path/Frameworks",
				);
				PRODUCT_BUNDLE_IDENTIFIER = iturbide.Tractors.Tests;
				PRODUCT_NAME = "$(TARGET_NAME)";
				TARGETED_DEVICE_FAMILY = "1,2";
			};
			name = Debug;
		};
		DADD2F06218C5B8A00D632A1 /* Release */ = {
			isa = XCBuildConfiguration;
			buildSettings = {
				ALWAYS_EMBED_SWIFT_STANDARD_LIBRARIES = YES;
				CODE_SIGN_STYLE = Automatic;
				DEVELOPMENT_TEAM = 7AMWG3RLHN;
				INFOPLIST_FILE = Configuration/tests.plist;
				LD_RUNPATH_SEARCH_PATHS = (
					"$(inherited)",
					"@executable_path/Frameworks",
					"@loader_path/Frameworks",
				);
				PRODUCT_BUNDLE_IDENTIFIER = iturbide.Tractors.Tests;
				PRODUCT_NAME = "$(TARGET_NAME)";
				TARGETED_DEVICE_FAMILY = "1,2";
			};
			name = Release;
		};
		DADD2F1B218C5B9B00D632A1 /* Debug */ = {
			isa = XCBuildConfiguration;
			buildSettings = {
				CODE_SIGN_STYLE = Automatic;
				DEVELOPMENT_TEAM = 7AMWG3RLHN;
				INFOPLIST_FILE = Configuration/application.plist;
				LD_RUNPATH_SEARCH_PATHS = (
					"$(inherited)",
					"@executable_path/Frameworks",
				);
				PRODUCT_BUNDLE_IDENTIFIER = iturbide.Tractors.Application;
				PRODUCT_NAME = "$(TARGET_NAME)";
				TARGETED_DEVICE_FAMILY = "1,2";
			};
			name = Debug;
		};
		DADD2F1C218C5B9B00D632A1 /* Release */ = {
			isa = XCBuildConfiguration;
			buildSettings = {
				CODE_SIGN_STYLE = Automatic;
				DEVELOPMENT_TEAM = 7AMWG3RLHN;
				INFOPLIST_FILE = Configuration/application.plist;
				LD_RUNPATH_SEARCH_PATHS = (
					"$(inherited)",
					"@executable_path/Frameworks",
				);
				PRODUCT_BUNDLE_IDENTIFIER = iturbide.Tractors.Application;
				PRODUCT_NAME = "$(TARGET_NAME)";
				TARGETED_DEVICE_FAMILY = "1,2";
			};
			name = Release;
		};
/* End XCBuildConfiguration section */

/* Begin XCConfigurationList section */
		DADD2EE9218C5B6000D632A1 /* Build configuration list for PBXProject "Tractors" */ = {
			isa = XCConfigurationList;
			buildConfigurations = (
				DADD2EF3218C5B6000D632A1 /* Debug */,
				DADD2EF4218C5B6000D632A1 /* Release */,
			);
			defaultConfigurationIsVisible = 0;
			defaultConfigurationName = Release;
		};
		DADD2EF5218C5B6000D632A1 /* Build configuration list for PBXNativeTarget "Tractors" */ = {
			isa = XCConfigurationList;
			buildConfigurations = (
				DADD2EF6218C5B6000D632A1 /* Debug */,
				DADD2EF7218C5B6000D632A1 /* Release */,
			);
			defaultConfigurationIsVisible = 0;
			defaultConfigurationName = Release;
		};
		DADD2F04218C5B8A00D632A1 /* Build configuration list for PBXNativeTarget "Tests" */ = {
			isa = XCConfigurationList;
			buildConfigurations = (
				DADD2F05218C5B8A00D632A1 /* Debug */,
				DADD2F06218C5B8A00D632A1 /* Release */,
			);
			defaultConfigurationIsVisible = 0;
			defaultConfigurationName = Release;
		};
		DADD2F1A218C5B9B00D632A1 /* Build configuration list for PBXNativeTarget "Application" */ = {
			isa = XCConfigurationList;
			buildConfigurations = (
				DADD2F1B218C5B9B00D632A1 /* Debug */,
				DADD2F1C218C5B9B00D632A1 /* Release */,
			);
			defaultConfigurationIsVisible = 0;
			defaultConfigurationName = Release;
		};
/* End XCConfigurationList section */
	};
	rootObject = DADD2EE6218C5B6000D632A1 /* Project object */;
}
